<?xml version="1.0" encoding="utf-8"?>
<Project ToolsVersion="4.0" xmlns="http://schemas.microsoft.com/developer/msbuild/2003">
  <ItemGroup>
    <ClCompile Include="RIoTEmulator.cpp" />
    <ClCompile Include="stdafx.cpp" />
    <ClCompile Include="..\CyReP\RIoT\RIoTCrypt\RiotAes128.c">
      <Filter>RIoT</Filter>
    </ClCompile>
    <ClCompile Include="..\CyReP\RIoT\RIoTCrypt\RiotBase64.c">
      <Filter>RIoT</Filter>
    </ClCompile>
    <ClCompile Include="..\CyReP\RIoT\RIoTCrypt\RiotCrypt.c">
      <Filter>RIoT</Filter>
    </ClCompile>
    <ClCompile Include="..\CyReP\RIoT\RIoTCrypt\RiotDerEnc.c">
      <Filter>RIoT</Filter>
    </ClCompile>
    <ClCompile Include="..\CyReP\RIoT\RIoTCrypt\RiotEcc.c">
      <Filter>RIoT</Filter>
    </ClCompile>
    <ClCompile Include="..\CyReP\RIoT\RIoTCrypt\RiotHmac.c">
      <Filter>RIoT</Filter>
    </ClCompile>
    <ClCompile Include="..\CyReP\RIoT\RIoTCrypt\RiotKdf.c">
      <Filter>RIoT</Filter>
    </ClCompile>
    <ClCompile Include="..\CyReP\RIoT\RIoTCrypt\RiotSha256.c">
      <Filter>RIoT</Filter>
    </ClCompile>
    <ClCompile Include="..\CyReP\RIoT\RIoTCrypt\RiotX509Bldr.c">
      <Filter>RIoT</Filter>
    </ClCompile>
  </ItemGroup>
  <ItemGroup>
    <ClInclude Include="stdafx.h" />
    <ClInclude Include="targetver.h" />
    <ClInclude Include="..\CyReP\RIoT\RIoT.h">
      <Filter>RIoT</Filter>
    </ClInclude>
    <ClInclude Include="..\CyReP\RIoT\RiotStatus.h">
      <Filter>RIoT</Filter>
    </ClInclude>
    <ClInclude Include="..\CyReP\RIoT\RIoTCrypt\include\RiotAes128.h">
      <Filter>RIoT</Filter>
    </ClInclude>
    <ClInclude Include="..\CyReP\RIoT\RIoTCrypt\include\RiotBase64.h">
      <Filter>RIoT</Filter>
    </ClInclude>
    <ClInclude Include="..\CyReP\RIoT\RIoTCrypt\include\RiotCrypt.h">
      <Filter>RIoT</Filter>
    </ClInclude>
    <ClInclude Include="..\CyReP\RIoT\RIoTCrypt\include\RiotDerEnc.h">
      <Filter>RIoT</Filter>
    </ClInclude>
    <ClInclude Include="..\CyReP\RIoT\RIoTCrypt\include\RiotEcc.h">
      <Filter>RIoT</Filter>
    </ClInclude>
    <ClInclude Include="..\CyReP\RIoT\RIoTCrypt\include\RiotHmac.h">
      <Filter>RIoT</Filter>
    </ClInclude>
    <ClInclude Include="..\CyReP\RIoT\RIoTCrypt\include\RiotKdf.h">
      <Filter>RIoT</Filter>
    </ClInclude>
    <ClInclude Include="..\CyReP\RIoT\RIoTCrypt\include\RiotSha256.h">
      <Filter>RIoT</Filter>
    </ClInclude>
    <ClInclude Include="..\CyReP\RIoT\RIoTCrypt\include\RiotTarget.h">
      <Filter>RIoT</Filter>
    </ClInclude>
    <ClInclude Include="..\CyReP\RIoT\RIoTCrypt\include\RiotX509Bldr.h">
      <Filter>RIoT</Filter>
    </ClInclude>
  </ItemGroup>
  <ItemGroup>
    <Filter Include="RIoT">
      <UniqueIdentifier>{290a1e25-ea08-4077-b0fd-ead96f0ea839}</UniqueIdentifier>
    </Filter>
  </ItemGroup>
</Project>